{
    "_readme": [
        "This file locks the dependencies of your project to a known state",
        "Read more about it at https://getcomposer.org/doc/01-basic-usage.md#composer-lock-the-lock-file",
        "This file is @generated automatically"
    ],
    "content-hash": "3f2be2e4dc94236d69db608fc70d4bab",
    "packages": [
        {
            "name": "godric/github-deployment",
            "version": "dev-master",
            "source": {
                "type": "git",
                "url": "https://github.com/godric-cz/github-deployment.git",
                "reference": "eb42fd92715c3a47e54512743e1e83a6a14d66c6"
            },
            "dist": {
                "type": "zip",
                "url": "https://api.github.com/repos/godric-cz/github-deployment/zipball/eb42fd92715c3a47e54512743e1e83a6a14d66c6",
                "reference": "eb42fd92715c3a47e54512743e1e83a6a14d66c6",
                "shasum": ""
            },
            "type": "library",
            "autoload": {
                "psr-4": {
                    "Godric\\GithubDeployment\\": "src/"
                }
            },
            "notification-url": "https://packagist.org/downloads/",
            "description": "Deployment with GitHub and pure PHP. No git on server or ftp needed.",
            "time": "2017-10-18 15:41:48"
        },
        {
            "name": "michelf/php-markdown",
            "version": "1.7.0",
            "source": {
                "type": "git",
                "url": "https://github.com/michelf/php-markdown.git",
                "reference": "1f51cc520948f66cd2af8cbc45a5ee175e774220"
            },
            "dist": {
                "type": "zip",
                "url": "https://api.github.com/repos/michelf/php-markdown/zipball/1f51cc520948f66cd2af8cbc45a5ee175e774220",
                "reference": "1f51cc520948f66cd2af8cbc45a5ee175e774220",
                "shasum": ""
            },
            "require": {
                "php": ">=5.3.0"
            },
            "type": "library",
            "extra": {
                "branch-alias": {
                    "dev-lib": "1.4.x-dev"
                }
            },
            "autoload": {
                "psr-0": {
                    "Michelf": ""
                }
            },
            "notification-url": "https://packagist.org/downloads/",
            "license": [
                "BSD-3-Clause"
            ],
            "authors": [
                {
                    "name": "Michel Fortin",
                    "email": "michel.fortin@michelf.ca",
                    "homepage": "https://michelf.ca/",
                    "role": "Developer"
                },
                {
                    "name": "John Gruber",
                    "homepage": "https://daringfireball.net/"
                }
            ],
            "description": "PHP Markdown",
            "homepage": "https://michelf.ca/projects/php-markdown/",
            "keywords": [
                "markdown"
            ],
            "time": "2016-10-29T18:58:20+00:00"
        }
    ],
    "packages-dev": [],
    "aliases": [],
    "minimum-stability": "stable",
    "stability-flags": {
        "godric/github-deployment": 20
    },
    "prefer-stable": false,
    "prefer-lowest": false,
    "platform": [],
    "platform-dev": []
}
